
Microsoft Visual Studio Solution File, Format Version 12.00
# Visual Studio 2013
VisualStudioVersion = 12.0.31101.0
MinimumVisualStudioVersion = 10.0.40219.1
Project("{2150E333-8FDC-42A3-9474-1A3956D46DE8}") = ".nuget", ".nuget", "{39D65195-21C4-4A00-B32A-DE02E1D446E0}"
	ProjectSection(SolutionItems) = preProject
		.nuget\packages.config = .nuget\packages.config
	EndProjectSection
EndProject
Project("{FAE04EC0-301F-11D3-BF4B-00C04F79EFBC}") = "BMIWeb", "BMIWeb\BMIWeb.csproj", "{331DD850-E2AE-48DD-928C-4ABD7C43E28B}"
EndProject
Project("{2150E333-8FDC-42A3-9474-1A3956D46DE8}") = "Specflow", "Specflow", "{A3EF0706-A603-45AD-8EC3-1FB274936E49}"
EndProject
Project("{2150E333-8FDC-42A3-9474-1A3956D46DE8}") = "NSpec", "NSpec", "{D0B259F1-8B12-4343-958F-C21702CC74FC}"
EndProject
Project("{2150E333-8FDC-42A3-9474-1A3956D46DE8}") = "BDDfy", "BDDfy", "{D167BFD6-4AF6-426A-A992-10284A8C235F}"
EndProject
Project("{FAE04EC0-301F-11D3-BF4B-00C04F79EFBC}") = "BMI", "BMI\BMI.csproj", "{48950810-BF09-4CAD-9C5D-648B72484E64}"
EndProject
Project("{FAE04EC0-301F-11D3-BF4B-00C04F79EFBC}") = "CodedUIGeneratorProvider", "Specflow\CustomCodeUIGen\CodedUIGeneratorProvider.csproj", "{DC715968-5ED7-4D49-857E-E954609839E5}"
EndProject
Project("{FAE04EC0-301F-11D3-BF4B-00C04F79EFBC}") = "Unit", "Specflow\Unit\Unit.csproj", "{6BEEF92B-C44C-4818-9413-63CB498F8294}"
EndProject
Project("{FAE04EC0-301F-11D3-BF4B-00C04F79EFBC}") = "Unit", "BDDfy\Unit\Unit.csproj", "{FDDC640C-F21B-4CA6-B21B-6F10E441CF08}"
EndProject
Project("{FAE04EC0-301F-11D3-BF4B-00C04F79EFBC}") = "Unit", "NSpec\Unit\Unit.csproj", "{3C498A15-836F-4B50-801E-A0CBAE2FFB9F}"
EndProject
Project("{FAE04EC0-301F-11D3-BF4B-00C04F79EFBC}") = "Service", "Specflow\Service\Service.csproj", "{0981060A-970F-4003-B038-2D64D84899E8}"
EndProject
Project("{FAE04EC0-301F-11D3-BF4B-00C04F79EFBC}") = "Service", "NSpec\Service\Service.csproj", "{3049D514-39EB-4E87-9462-89C5964C67CA}"
EndProject
Project("{FAE04EC0-301F-11D3-BF4B-00C04F79EFBC}") = "Acceptance", "Specflow\Acceptance\Acceptance.csproj", "{D7B212B7-FE67-4B16-A112-1283DCD222F0}"
EndProject
Project("{FAE04EC0-301F-11D3-BF4B-00C04F79EFBC}") = "Service", "BDDfy\Service\Service.csproj", "{ACE69D7F-3964-4734-8C45-75292C7C9F99}"
EndProject
Project("{FAE04EC0-301F-11D3-BF4B-00C04F79EFBC}") = "Acceptance", "BDDfy\Acceptance\Acceptance.csproj", "{4020CF9C-4B3D-4350-A48F-E7CCF7EA5CCF}"
EndProject
Project("{FAE04EC0-301F-11D3-BF4B-00C04F79EFBC}") = "Acceptance", "NSpec\Acceptance\Acceptance.csproj", "{B02F9553-9F87-450A-A7E2-C79749A4B973}"
EndProject
Project("{FAE04EC0-301F-11D3-BF4B-00C04F79EFBC}") = "UI-MSCUI", "Specflow\UI-MSCUI\UI-MSCUI.csproj", "{050B6E69-FA26-4B1F-A6A9-56DB73ECC0A2}"
EndProject
Project("{FAE04EC0-301F-11D3-BF4B-00C04F79EFBC}") = "UI", "NSpec\UI\UI.csproj", "{ECA7AB48-F7F1-412F-93C9-E08065C78AF2}"
EndProject
Project("{FAE04EC0-301F-11D3-BF4B-00C04F79EFBC}") = "UI", "BDDfy\UI\UI.csproj", "{3151463A-2D82-421D-BB68-2426FC40475D}"
EndProject
Project("{FAE04EC0-301F-11D3-BF4B-00C04F79EFBC}") = "UI-Ranorex", "Specflow\UI-Ranorex\UI-Ranorex.csproj", "{D54DFC37-D97B-44D0-882A-B687D8E006B5}"
EndProject
Project("{FAE04EC0-301F-11D3-BF4B-00C04F79EFBC}") = "Unit-Mock", "Specflow\Unit-Mock\Unit-Mock.csproj", "{04D89876-7991-4A5A-AEB4-91B0CE4A3460}"
EndProject
Project("{FAE04EC0-301F-11D3-BF4B-00C04F79EFBC}") = "Database", "Specflow\Database\Database.csproj", "{15107349-2E7D-42EF-80C9-2305D969A177}"
EndProject
Global
	GlobalSection(SolutionConfigurationPlatforms) = preSolution
		Debug|Any CPU = Debug|Any CPU
		Release|Any CPU = Release|Any CPU
	EndGlobalSection
	GlobalSection(ProjectConfigurationPlatforms) = postSolution
		{331DD850-E2AE-48DD-928C-4ABD7C43E28B}.Debug|Any CPU.ActiveCfg = Debug|Any CPU
		{331DD850-E2AE-48DD-928C-4ABD7C43E28B}.Debug|Any CPU.Build.0 = Debug|Any CPU
		{331DD850-E2AE-48DD-928C-4ABD7C43E28B}.Release|Any CPU.ActiveCfg = Release|Any CPU
		{331DD850-E2AE-48DD-928C-4ABD7C43E28B}.Release|Any CPU.Build.0 = Release|Any CPU
		{48950810-BF09-4CAD-9C5D-648B72484E64}.Debug|Any CPU.ActiveCfg = Debug|Any CPU
		{48950810-BF09-4CAD-9C5D-648B72484E64}.Debug|Any CPU.Build.0 = Debug|Any CPU
		{48950810-BF09-4CAD-9C5D-648B72484E64}.Release|Any CPU.ActiveCfg = Release|Any CPU
		{48950810-BF09-4CAD-9C5D-648B72484E64}.Release|Any CPU.Build.0 = Release|Any CPU
		{DC715968-5ED7-4D49-857E-E954609839E5}.Debug|Any CPU.ActiveCfg = Debug|Any CPU
		{DC715968-5ED7-4D49-857E-E954609839E5}.Debug|Any CPU.Build.0 = Debug|Any CPU
		{DC715968-5ED7-4D49-857E-E954609839E5}.Release|Any CPU.ActiveCfg = Release|Any CPU
		{DC715968-5ED7-4D49-857E-E954609839E5}.Release|Any CPU.Build.0 = Release|Any CPU
		{6BEEF92B-C44C-4818-9413-63CB498F8294}.Debug|Any CPU.ActiveCfg = Debug|Any CPU
		{6BEEF92B-C44C-4818-9413-63CB498F8294}.Debug|Any CPU.Build.0 = Debug|Any CPU
		{6BEEF92B-C44C-4818-9413-63CB498F8294}.Release|Any CPU.ActiveCfg = Release|Any CPU
		{6BEEF92B-C44C-4818-9413-63CB498F8294}.Release|Any CPU.Build.0 = Release|Any CPU
		{FDDC640C-F21B-4CA6-B21B-6F10E441CF08}.Debug|Any CPU.ActiveCfg = Debug|Any CPU
		{FDDC640C-F21B-4CA6-B21B-6F10E441CF08}.Debug|Any CPU.Build.0 = Debug|Any CPU
		{FDDC640C-F21B-4CA6-B21B-6F10E441CF08}.Release|Any CPU.ActiveCfg = Release|Any CPU
		{FDDC640C-F21B-4CA6-B21B-6F10E441CF08}.Release|Any CPU.Build.0 = Release|Any CPU
		{3C498A15-836F-4B50-801E-A0CBAE2FFB9F}.Debug|Any CPU.ActiveCfg = Debug|Any CPU
		{3C498A15-836F-4B50-801E-A0CBAE2FFB9F}.Debug|Any CPU.Build.0 = Debug|Any CPU
		{3C498A15-836F-4B50-801E-A0CBAE2FFB9F}.Release|Any CPU.ActiveCfg = Release|Any CPU
		{3C498A15-836F-4B50-801E-A0CBAE2FFB9F}.Release|Any CPU.Build.0 = Release|Any CPU
		{0981060A-970F-4003-B038-2D64D84899E8}.Debug|Any CPU.ActiveCfg = Debug|Any CPU
		{0981060A-970F-4003-B038-2D64D84899E8}.Debug|Any CPU.Build.0 = Debug|Any CPU
		{0981060A-970F-4003-B038-2D64D84899E8}.Release|Any CPU.ActiveCfg = Release|Any CPU
		{0981060A-970F-4003-B038-2D64D84899E8}.Release|Any CPU.Build.0 = Release|Any CPU
		{3049D514-39EB-4E87-9462-89C5964C67CA}.Debug|Any CPU.ActiveCfg = Debug|Any CPU
		{3049D514-39EB-4E87-9462-89C5964C67CA}.Debug|Any CPU.Build.0 = Debug|Any CPU
		{3049D514-39EB-4E87-9462-89C5964C67CA}.Release|Any CPU.ActiveCfg = Release|Any CPU
		{3049D514-39EB-4E87-9462-89C5964C67CA}.Release|Any CPU.Build.0 = Release|Any CPU
		{D7B212B7-FE67-4B16-A112-1283DCD222F0}.Debug|Any CPU.ActiveCfg = Debug|Any CPU
		{D7B212B7-FE67-4B16-A112-1283DCD222F0}.Debug|Any CPU.Build.0 = Debug|Any CPU
		{D7B212B7-FE67-4B16-A112-1283DCD222F0}.Release|Any CPU.ActiveCfg = Release|Any CPU
		{D7B212B7-FE67-4B16-A112-1283DCD222F0}.Release|Any CPU.Build.0 = Release|Any CPU
		{ACE69D7F-3964-4734-8C45-75292C7C9F99}.Debug|Any CPU.ActiveCfg = Debug|Any CPU
		{ACE69D7F-3964-4734-8C45-75292C7C9F99}.Debug|Any CPU.Build.0 = Debug|Any CPU
		{ACE69D7F-3964-4734-8C45-75292C7C9F99}.Release|Any CPU.ActiveCfg = Release|Any CPU
		{ACE69D7F-3964-4734-8C45-75292C7C9F99}.Release|Any CPU.Build.0 = Release|Any CPU
		{4020CF9C-4B3D-4350-A48F-E7CCF7EA5CCF}.Debug|Any CPU.ActiveCfg = Debug|Any CPU
		{4020CF9C-4B3D-4350-A48F-E7CCF7EA5CCF}.Debug|Any CPU.Build.0 = Debug|Any CPU
		{4020CF9C-4B3D-4350-A48F-E7CCF7EA5CCF}.Release|Any CPU.ActiveCfg = Release|Any CPU
		{4020CF9C-4B3D-4350-A48F-E7CCF7EA5CCF}.Release|Any CPU.Build.0 = Release|Any CPU
		{B02F9553-9F87-450A-A7E2-C79749A4B973}.Debug|Any CPU.ActiveCfg = Debug|Any CPU
		{B02F9553-9F87-450A-A7E2-C79749A4B973}.Debug|Any CPU.Build.0 = Debug|Any CPU
		{B02F9553-9F87-450A-A7E2-C79749A4B973}.Release|Any CPU.ActiveCfg = Release|Any CPU
		{B02F9553-9F87-450A-A7E2-C79749A4B973}.Release|Any CPU.Build.0 = Release|Any CPU
		{050B6E69-FA26-4B1F-A6A9-56DB73ECC0A2}.Debug|Any CPU.ActiveCfg = Debug|Any CPU
		{050B6E69-FA26-4B1F-A6A9-56DB73ECC0A2}.Debug|Any CPU.Build.0 = Debug|Any CPU
		{050B6E69-FA26-4B1F-A6A9-56DB73ECC0A2}.Release|Any CPU.ActiveCfg = Release|Any CPU
		{050B6E69-FA26-4B1F-A6A9-56DB73ECC0A2}.Release|Any CPU.Build.0 = Release|Any CPU
		{ECA7AB48-F7F1-412F-93C9-E08065C78AF2}.Debug|Any CPU.ActiveCfg = Debug|Any CPU
		{ECA7AB48-F7F1-412F-93C9-E08065C78AF2}.Debug|Any CPU.Build.0 = Debug|Any CPU
		{ECA7AB48-F7F1-412F-93C9-E08065C78AF2}.Release|Any CPU.ActiveCfg = Release|Any CPU
		{ECA7AB48-F7F1-412F-93C9-E08065C78AF2}.Release|Any CPU.Build.0 = Release|Any CPU
		{3151463A-2D82-421D-BB68-2426FC40475D}.Debug|Any CPU.ActiveCfg = Debug|Any CPU
		{3151463A-2D82-421D-BB68-2426FC40475D}.Debug|Any CPU.Build.0 = Debug|Any CPU
		{3151463A-2D82-421D-BB68-2426FC40475D}.Release|Any CPU.ActiveCfg = Release|Any CPU
		{3151463A-2D82-421D-BB68-2426FC40475D}.Release|Any CPU.Build.0 = Release|Any CPU
		{D54DFC37-D97B-44D0-882A-B687D8E006B5}.Debug|Any CPU.ActiveCfg = Debug|Any CPU
		{D54DFC37-D97B-44D0-882A-B687D8E006B5}.Debug|Any CPU.Build.0 = Debug|Any CPU
		{D54DFC37-D97B-44D0-882A-B687D8E006B5}.Release|Any CPU.ActiveCfg = Release|Any CPU
		{D54DFC37-D97B-44D0-882A-B687D8E006B5}.Release|Any CPU.Build.0 = Release|Any CPU
		{04D89876-7991-4A5A-AEB4-91B0CE4A3460}.Debug|Any CPU.ActiveCfg = Debug|Any CPU
		{04D89876-7991-4A5A-AEB4-91B0CE4A3460}.Debug|Any CPU.Build.0 = Debug|Any CPU
		{04D89876-7991-4A5A-AEB4-91B0CE4A3460}.Release|Any CPU.ActiveCfg = Release|Any CPU
		{04D89876-7991-4A5A-AEB4-91B0CE4A3460}.Release|Any CPU.Build.0 = Release|Any CPU
		{15107349-2E7D-42EF-80C9-2305D969A177}.Debug|Any CPU.ActiveCfg = Debug|Any CPU
		{15107349-2E7D-42EF-80C9-2305D969A177}.Debug|Any CPU.Build.0 = Debug|Any CPU
		{15107349-2E7D-42EF-80C9-2305D969A177}.Release|Any CPU.ActiveCfg = Release|Any CPU
		{15107349-2E7D-42EF-80C9-2305D969A177}.Release|Any CPU.Build.0 = Release|Any CPU
	EndGlobalSection
	GlobalSection(SolutionProperties) = preSolution
		HideSolutionNode = FALSE
	EndGlobalSection
	GlobalSection(NestedProjects) = preSolution
		{DC715968-5ED7-4D49-857E-E954609839E5} = {A3EF0706-A603-45AD-8EC3-1FB274936E49}
		{6BEEF92B-C44C-4818-9413-63CB498F8294} = {A3EF0706-A603-45AD-8EC3-1FB274936E49}
		{FDDC640C-F21B-4CA6-B21B-6F10E441CF08} = {D167BFD6-4AF6-426A-A992-10284A8C235F}
		{3C498A15-836F-4B50-801E-A0CBAE2FFB9F} = {D0B259F1-8B12-4343-958F-C21702CC74FC}
		{0981060A-970F-4003-B038-2D64D84899E8} = {A3EF0706-A603-45AD-8EC3-1FB274936E49}
		{3049D514-39EB-4E87-9462-89C5964C67CA} = {D0B259F1-8B12-4343-958F-C21702CC74FC}
		{D7B212B7-FE67-4B16-A112-1283DCD222F0} = {A3EF0706-A603-45AD-8EC3-1FB274936E49}
		{ACE69D7F-3964-4734-8C45-75292C7C9F99} = {D167BFD6-4AF6-426A-A992-10284A8C235F}
		{4020CF9C-4B3D-4350-A48F-E7CCF7EA5CCF} = {D167BFD6-4AF6-426A-A992-10284A8C235F}
		{B02F9553-9F87-450A-A7E2-C79749A4B973} = {D0B259F1-8B12-4343-958F-C21702CC74FC}
		{050B6E69-FA26-4B1F-A6A9-56DB73ECC0A2} = {A3EF0706-A603-45AD-8EC3-1FB274936E49}
		{ECA7AB48-F7F1-412F-93C9-E08065C78AF2} = {D0B259F1-8B12-4343-958F-C21702CC74FC}
		{3151463A-2D82-421D-BB68-2426FC40475D} = {D167BFD6-4AF6-426A-A992-10284A8C235F}
		{D54DFC37-D97B-44D0-882A-B687D8E006B5} = {A3EF0706-A603-45AD-8EC3-1FB274936E49}
		{04D89876-7991-4A5A-AEB4-91B0CE4A3460} = {A3EF0706-A603-45AD-8EC3-1FB274936E49}
		{15107349-2E7D-42EF-80C9-2305D969A177} = {A3EF0706-A603-45AD-8EC3-1FB274936E49}
	EndGlobalSection
EndGlobal
